
Microsoft Visual Studio Solution File, Format Version 12.00
# Visual Studio Version 17
VisualStudioVersion = 17.14.36930.0 d17.14
MinimumVisualStudioVersion = 10.0.40219.1
Project("{FAE04EC0-301F-11D3-BF4B-00C04F79EFBC}") = "DailyCompass.Api", "DailyCompass.Api\DailyCompass.Api.csproj", "{A0EA672E-B3B6-4B7F-9EFD-0243ED9FE217}"
EndProject
Global
	GlobalSection(SolutionConfigurationPlatforms) = preSolution
		Debug|Any CPU = Debug|Any CPU
		Release|Any CPU = Release|Any CPU
	EndGlobalSection
	GlobalSection(ProjectConfigurationPlatforms) = postSolution
		{A0EA672E-B3B6-4B7F-9EFD-0243ED9FE217}.Debug|Any CPU.ActiveCfg = Debug|Any CPU
		{A0EA672E-B3B6-4B7F-9EFD-0243ED9FE217}.Debug|Any CPU.Build.0 = Debug|Any CPU
		{A0EA672E-B3B6-4B7F-9EFD-0243ED9FE217}.Release|Any CPU.ActiveCfg = Release|Any CPU
		{A0EA672E-B3B6-4B7F-9EFD-0243ED9FE217}.Release|Any CPU.Build.0 = Release|Any CPU
	EndGlobalSection
	GlobalSection(SolutionProperties) = preSolution
		HideSolutionNode = FALSE
	EndGlobalSection
	GlobalSection(ExtensibilityGlobals) = postSolution
		SolutionGuid = {EC7A4154-B27F-4A06-AE6A-BC24621874C4}
	EndGlobalSection
EndGlobal
