
Microsoft Visual Studio Solution File, Format Version 12.00
# Visual Studio Version 17
VisualStudioVersion = 17.14.36930.0 d17.14
MinimumVisualStudioVersion = 10.0.40219.1
Project("{FAE04EC0-301F-11D3-BF4B-00C04F79EFBC}") = "DailyCompass.Api", "DailyCompass.Api\DailyCompass.Api.csproj", "{CA9D9A9A-BD87-4D16-B64D-37E2819F1EDF}"
EndProject
Global
	GlobalSection(SolutionConfigurationPlatforms) = preSolution
		Debug|Any CPU = Debug|Any CPU
		Release|Any CPU = Release|Any CPU
	EndGlobalSection
	GlobalSection(ProjectConfigurationPlatforms) = postSolution
		{CA9D9A9A-BD87-4D16-B64D-37E2819F1EDF}.Debug|Any CPU.ActiveCfg = Debug|Any CPU
		{CA9D9A9A-BD87-4D16-B64D-37E2819F1EDF}.Debug|Any CPU.Build.0 = Debug|Any CPU
		{CA9D9A9A-BD87-4D16-B64D-37E2819F1EDF}.Release|Any CPU.ActiveCfg = Release|Any CPU
		{CA9D9A9A-BD87-4D16-B64D-37E2819F1EDF}.Release|Any CPU.Build.0 = Release|Any CPU
	EndGlobalSection
	GlobalSection(SolutionProperties) = preSolution
		HideSolutionNode = FALSE
	EndGlobalSection
	GlobalSection(ExtensibilityGlobals) = postSolution
		SolutionGuid = {0B0BBD9A-6956-4B34-B2AA-0F571E1EA640}
	EndGlobalSection
EndGlobal
